# THIS IS AN AUTOGENERATED FILE. DO NOT EDIT THIS FILE DIRECTLY.
# yarn lockfile v1


h3-js@^4.1.0:
  version "4.1.0"
  resolved "https://registry.yarnpkg.com/h3-js/-/h3-js-4.1.0.tgz#f8c4a8ad36612489a954f1a0bb3f4b7657d364e5"
  integrity sha512-LQhmMl1dRQQjMXPzJc7MpZ/CqPOWWuAvVEoVJM9n/s7vHypj+c3Pd5rLQCkAsOgAoAYKbNCsYFE++LF7MvSfCQ==
